
Microsoft Visual Studio Solution File, Format Version 12.00
# Visual Studio Version 17
VisualStudioVersion = 17.1.32228.430
MinimumVisualStudioVersion = 10.0.40219.1
Project("{9A19103F-16F7-4668-BE54-9A1E7A4F7556}") = "API", "API\API.csproj", "{F7CC8BFE-3205-42CC-8005-5FDC0C27AF71}"
EndProject
Project("{9A19103F-16F7-4668-BE54-9A1E7A4F7556}") = "DataAccess", "DataAccess\DataAccess.csproj", "{EDEAD559-5B7A-4D5A-957B-75C40C9AF158}"
EndProject
Project("{FAE04EC0-301F-11D3-BF4B-00C04F79EFBC}") = "Server", "Server\Server.csproj", "{987B7432-4DD1-4705-BF07-499DDAFBE6E5}"
EndProject
Global
	GlobalSection(SolutionConfigurationPlatforms) = preSolution
		Debug|Any CPU = Debug|Any CPU
		Release|Any CPU = Release|Any CPU
	EndGlobalSection
	GlobalSection(ProjectConfigurationPlatforms) = postSolution
		{F7CC8BFE-3205-42CC-8005-5FDC0C27AF71}.Debug|Any CPU.ActiveCfg = Debug|Any CPU
		{F7CC8BFE-3205-42CC-8005-5FDC0C27AF71}.Debug|Any CPU.Build.0 = Debug|Any CPU
		{F7CC8BFE-3205-42CC-8005-5FDC0C27AF71}.Release|Any CPU.ActiveCfg = Release|Any CPU
		{F7CC8BFE-3205-42CC-8005-5FDC0C27AF71}.Release|Any CPU.Build.0 = Release|Any CPU
		{EDEAD559-5B7A-4D5A-957B-75C40C9AF158}.Debug|Any CPU.ActiveCfg = Debug|Any CPU
		{EDEAD559-5B7A-4D5A-957B-75C40C9AF158}.Debug|Any CPU.Build.0 = Debug|Any CPU
		{EDEAD559-5B7A-4D5A-957B-75C40C9AF158}.Release|Any CPU.ActiveCfg = Release|Any CPU
		{EDEAD559-5B7A-4D5A-957B-75C40C9AF158}.Release|Any CPU.Build.0 = Release|Any CPU
		{987B7432-4DD1-4705-BF07-499DDAFBE6E5}.Debug|Any CPU.ActiveCfg = Debug|Any CPU
		{987B7432-4DD1-4705-BF07-499DDAFBE6E5}.Debug|Any CPU.Build.0 = Debug|Any CPU
		{987B7432-4DD1-4705-BF07-499DDAFBE6E5}.Release|Any CPU.ActiveCfg = Release|Any CPU
		{987B7432-4DD1-4705-BF07-499DDAFBE6E5}.Release|Any CPU.Build.0 = Release|Any CPU
	EndGlobalSection
	GlobalSection(SolutionProperties) = preSolution
		HideSolutionNode = FALSE
	EndGlobalSection
	GlobalSection(ExtensibilityGlobals) = postSolution
		SolutionGuid = {03E508DD-9EC1-4F21-BEB6-0A9C55227B24}
	EndGlobalSection
EndGlobal
